
Microsoft Visual Studio Solution File, Format Version 12.00
# Visual Studio Version 16
VisualStudioVersion = 16.0.31729.503
MinimumVisualStudioVersion = 10.0.40219.1
Project("{FAE04EC0-301F-11D3-BF4B-00C04F79EFBC}") = "Interfacce", "Interfacce\Interfacce.csproj", "{A713D50F-9E49-4AD9-9B5E-469F9B515CFA}"
EndProject
Global
	GlobalSection(SolutionConfigurationPlatforms) = preSolution
		Debug|Any CPU = Debug|Any CPU
		Release|Any CPU = Release|Any CPU
	EndGlobalSection
	GlobalSection(ProjectConfigurationPlatforms) = postSolution
		{A713D50F-9E49-4AD9-9B5E-469F9B515CFA}.Debug|Any CPU.ActiveCfg = Debug|Any CPU
		{A713D50F-9E49-4AD9-9B5E-469F9B515CFA}.Debug|Any CPU.Build.0 = Debug|Any CPU
		{A713D50F-9E49-4AD9-9B5E-469F9B515CFA}.Release|Any CPU.ActiveCfg = Release|Any CPU
		{A713D50F-9E49-4AD9-9B5E-469F9B515CFA}.Release|Any CPU.Build.0 = Release|Any CPU
	EndGlobalSection
	GlobalSection(SolutionProperties) = preSolution
		HideSolutionNode = FALSE
	EndGlobalSection
	GlobalSection(ExtensibilityGlobals) = postSolution
		SolutionGuid = {1785DE8D-2479-46D5-804D-C20DAB8194C3}
	EndGlobalSection
EndGlobal
