
Microsoft Visual Studio Solution File, Format Version 12.00
# Visual Studio Version 16
VisualStudioVersion = 16.0.31729.503
MinimumVisualStudioVersion = 10.0.40219.1
Project("{FAE04EC0-301F-11D3-BF4B-00C04F79EFBC}") = "ClasseQuadrato", "ClasseQuadrato\ClasseQuadrato.csproj", "{354D2D1A-4D18-4534-8BC6-7C3A703AC9F8}"
EndProject
Project("{FAE04EC0-301F-11D3-BF4B-00C04F79EFBC}") = "ClasseCerchio", "ClasseCerchio\ClasseCerchio.csproj", "{C8DB6B3A-43F2-4204-BDBB-B131FD2267CA}"
EndProject
Project("{FAE04EC0-301F-11D3-BF4B-00C04F79EFBC}") = "ClasseTriangolo", "ClasseTriangolo\ClasseTriangolo.csproj", "{C4FED15A-3EDE-4BDA-934F-6694A425162F}"
EndProject
Project("{FAE04EC0-301F-11D3-BF4B-00C04F79EFBC}") = "ClassePunto", "ClassePunto\ClassePunto.csproj", "{765E6ECF-D749-41D8-925B-B4926AFD7716}"
EndProject
Global
	GlobalSection(SolutionConfigurationPlatforms) = preSolution
		Debug|Any CPU = Debug|Any CPU
		Release|Any CPU = Release|Any CPU
	EndGlobalSection
	GlobalSection(ProjectConfigurationPlatforms) = postSolution
		{354D2D1A-4D18-4534-8BC6-7C3A703AC9F8}.Debug|Any CPU.ActiveCfg = Debug|Any CPU
		{354D2D1A-4D18-4534-8BC6-7C3A703AC9F8}.Debug|Any CPU.Build.0 = Debug|Any CPU
		{354D2D1A-4D18-4534-8BC6-7C3A703AC9F8}.Release|Any CPU.ActiveCfg = Release|Any CPU
		{354D2D1A-4D18-4534-8BC6-7C3A703AC9F8}.Release|Any CPU.Build.0 = Release|Any CPU
		{C8DB6B3A-43F2-4204-BDBB-B131FD2267CA}.Debug|Any CPU.ActiveCfg = Debug|Any CPU
		{C8DB6B3A-43F2-4204-BDBB-B131FD2267CA}.Debug|Any CPU.Build.0 = Debug|Any CPU
		{C8DB6B3A-43F2-4204-BDBB-B131FD2267CA}.Release|Any CPU.ActiveCfg = Release|Any CPU
		{C8DB6B3A-43F2-4204-BDBB-B131FD2267CA}.Release|Any CPU.Build.0 = Release|Any CPU
		{C4FED15A-3EDE-4BDA-934F-6694A425162F}.Debug|Any CPU.ActiveCfg = Debug|Any CPU
		{C4FED15A-3EDE-4BDA-934F-6694A425162F}.Debug|Any CPU.Build.0 = Debug|Any CPU
		{C4FED15A-3EDE-4BDA-934F-6694A425162F}.Release|Any CPU.ActiveCfg = Release|Any CPU
		{C4FED15A-3EDE-4BDA-934F-6694A425162F}.Release|Any CPU.Build.0 = Release|Any CPU
		{765E6ECF-D749-41D8-925B-B4926AFD7716}.Debug|Any CPU.ActiveCfg = Debug|Any CPU
		{765E6ECF-D749-41D8-925B-B4926AFD7716}.Debug|Any CPU.Build.0 = Debug|Any CPU
		{765E6ECF-D749-41D8-925B-B4926AFD7716}.Release|Any CPU.ActiveCfg = Release|Any CPU
		{765E6ECF-D749-41D8-925B-B4926AFD7716}.Release|Any CPU.Build.0 = Release|Any CPU
	EndGlobalSection
	GlobalSection(SolutionProperties) = preSolution
		HideSolutionNode = FALSE
	EndGlobalSection
	GlobalSection(ExtensibilityGlobals) = postSolution
		SolutionGuid = {1FE24EF1-A3F6-43D6-AE4F-45CB9EB3E344}
	EndGlobalSection
EndGlobal
