
Microsoft Visual Studio Solution File, Format Version 12.00
# Visual Studio Version 16
VisualStudioVersion = 16.0.30225.117
MinimumVisualStudioVersion = 10.0.40219.1
Project("{FAE04EC0-301F-11D3-BF4B-00C04F79EFBC}") = "ProdottoQuantitaPercentualeSconto", "ProdottoQuantitaPercentualeSconto\ProdottoQuantitaPercentualeSconto.csproj", "{B9FDFE67-8216-412A-B334-F248C4AA3188}"
EndProject
Global
	GlobalSection(SolutionConfigurationPlatforms) = preSolution
		Debug|Any CPU = Debug|Any CPU
		Release|Any CPU = Release|Any CPU
	EndGlobalSection
	GlobalSection(ProjectConfigurationPlatforms) = postSolution
		{B9FDFE67-8216-412A-B334-F248C4AA3188}.Debug|Any CPU.ActiveCfg = Debug|Any CPU
		{B9FDFE67-8216-412A-B334-F248C4AA3188}.Debug|Any CPU.Build.0 = Debug|Any CPU
		{B9FDFE67-8216-412A-B334-F248C4AA3188}.Release|Any CPU.ActiveCfg = Release|Any CPU
		{B9FDFE67-8216-412A-B334-F248C4AA3188}.Release|Any CPU.Build.0 = Release|Any CPU
	EndGlobalSection
	GlobalSection(SolutionProperties) = preSolution
		HideSolutionNode = FALSE
	EndGlobalSection
	GlobalSection(ExtensibilityGlobals) = postSolution
		SolutionGuid = {0BE3E382-4CCB-48A4-9BB1-26726C5408CC}
	EndGlobalSection
EndGlobal
