
Microsoft Visual Studio Solution File, Format Version 12.00
# Visual Studio Version 16
VisualStudioVersion = 16.0.31729.503
MinimumVisualStudioVersion = 10.0.40219.1
Project("{FAE04EC0-301F-11D3-BF4B-00C04F79EFBC}") = "NN_EsercitazioneIntermedia", "NN_EsercitazioneIntermedia\NN_EsercitazioneIntermedia.csproj", "{DDBE566C-F4E5-4AD5-A9DA-57F81085FC64}"
EndProject
Global
	GlobalSection(SolutionConfigurationPlatforms) = preSolution
		Debug|Any CPU = Debug|Any CPU
		Release|Any CPU = Release|Any CPU
	EndGlobalSection
	GlobalSection(ProjectConfigurationPlatforms) = postSolution
		{DDBE566C-F4E5-4AD5-A9DA-57F81085FC64}.Debug|Any CPU.ActiveCfg = Debug|Any CPU
		{DDBE566C-F4E5-4AD5-A9DA-57F81085FC64}.Debug|Any CPU.Build.0 = Debug|Any CPU
		{DDBE566C-F4E5-4AD5-A9DA-57F81085FC64}.Release|Any CPU.ActiveCfg = Release|Any CPU
		{DDBE566C-F4E5-4AD5-A9DA-57F81085FC64}.Release|Any CPU.Build.0 = Release|Any CPU
	EndGlobalSection
	GlobalSection(SolutionProperties) = preSolution
		HideSolutionNode = FALSE
	EndGlobalSection
	GlobalSection(ExtensibilityGlobals) = postSolution
		SolutionGuid = {B447D7F9-B60F-4C3B-996E-6D74551F29E5}
	EndGlobalSection
EndGlobal
