
Microsoft Visual Studio Solution File, Format Version 12.00
# Visual Studio Version 16
VisualStudioVersion = 16.0.31729.503
MinimumVisualStudioVersion = 10.0.40219.1
Project("{9A19103F-16F7-4668-BE54-9A1E7A4F7556}") = "ClassePersona", "ClassePersona\ClassePersona.csproj", "{11609702-4473-4332-BE02-737D81782C46}"
EndProject
Project("{FAE04EC0-301F-11D3-BF4B-00C04F79EFBC}") = "Datario", "Datario\Datario.csproj", "{FF3D3B11-8762-43D0-9538-2D42262C1088}"
EndProject
Project("{FAE04EC0-301F-11D3-BF4B-00C04F79EFBC}") = "Auto", "Auto\Auto.csproj", "{1DBABE20-7E88-4CB6-A3B7-C13D5C670845}"
EndProject
Global
	GlobalSection(SolutionConfigurationPlatforms) = preSolution
		Debug|Any CPU = Debug|Any CPU
		Release|Any CPU = Release|Any CPU
	EndGlobalSection
	GlobalSection(ProjectConfigurationPlatforms) = postSolution
		{11609702-4473-4332-BE02-737D81782C46}.Debug|Any CPU.ActiveCfg = Debug|Any CPU
		{11609702-4473-4332-BE02-737D81782C46}.Debug|Any CPU.Build.0 = Debug|Any CPU
		{11609702-4473-4332-BE02-737D81782C46}.Release|Any CPU.ActiveCfg = Release|Any CPU
		{11609702-4473-4332-BE02-737D81782C46}.Release|Any CPU.Build.0 = Release|Any CPU
		{FF3D3B11-8762-43D0-9538-2D42262C1088}.Debug|Any CPU.ActiveCfg = Debug|Any CPU
		{FF3D3B11-8762-43D0-9538-2D42262C1088}.Debug|Any CPU.Build.0 = Debug|Any CPU
		{FF3D3B11-8762-43D0-9538-2D42262C1088}.Release|Any CPU.ActiveCfg = Release|Any CPU
		{FF3D3B11-8762-43D0-9538-2D42262C1088}.Release|Any CPU.Build.0 = Release|Any CPU
		{1DBABE20-7E88-4CB6-A3B7-C13D5C670845}.Debug|Any CPU.ActiveCfg = Debug|Any CPU
		{1DBABE20-7E88-4CB6-A3B7-C13D5C670845}.Debug|Any CPU.Build.0 = Debug|Any CPU
		{1DBABE20-7E88-4CB6-A3B7-C13D5C670845}.Release|Any CPU.ActiveCfg = Release|Any CPU
		{1DBABE20-7E88-4CB6-A3B7-C13D5C670845}.Release|Any CPU.Build.0 = Release|Any CPU
	EndGlobalSection
	GlobalSection(SolutionProperties) = preSolution
		HideSolutionNode = FALSE
	EndGlobalSection
	GlobalSection(ExtensibilityGlobals) = postSolution
		SolutionGuid = {94A7745C-4004-4490-AB3A-7D99FBB19919}
	EndGlobalSection
EndGlobal
